// !$*UTF8*$!
{
	archiveVersion = 1;
	classes = {
	};
	objectVersion = 50;
	objects = {

/* Begin PBXBuildFile section */
		259F40BF7242A5CB9E552E47 /* Pods_Tumblr.framework in Frameworks */ = {isa = PBXBuildFile; fileRef = 1D975E70FD44A36A36CCDC9E /* Pods_Tumblr.framework */; };
		8BD8A8AD0520C090EC9ACF89 /* Pods_TumblrTests.framework in Frameworks */ = {isa = PBXBuildFile; fileRef = 7BCFA3D70BCE6DB2805E5E22 /* Pods_TumblrTests.framework */; };
		B42E570ED07D2CE5D9CA3B76 /* Pods_TumblrUITests.framework in Frameworks */ = {isa = PBXBuildFile; fileRef = B490CBA20C9EFD042612CA9F /* Pods_TumblrUITests.framework */; };
		CE8E2E5B2161CB7F001784D3 /* AppDelegate.swift in Sources */ = {isa = PBXBuildFile; fileRef = CE8E2E5A2161CB7F001784D3 /* AppDelegate.swift */; };
		CE8E2E602161CB7F001784D3 /* Main.storyboard in Resources */ = {isa = PBXBuildFile; fileRef = CE8E2E5E2161CB7F001784D3 /* Main.storyboard */; };
		CE8E2E622161CB80001784D3 /* Assets.xcassets in Resources */ = {isa = PBXBuildFile; fileRef = CE8E2E612161CB80001784D3 /* Assets.xcassets */; };
		CE8E2E652161CB80001784D3 /* LaunchScreen.storyboard in Resources */ = {isa = PBXBuildFile; fileRef = CE8E2E632161CB80001784D3 /* LaunchScreen.storyboard */; };
		CE8E2E702161CB80001784D3 /* TumblrTests.swift in Sources */ = {isa = PBXBuildFile; fileRef = CE8E2E6F2161CB80001784D3 /* TumblrTests.swift */; };
		CE8E2E7B2161CB80001784D3 /* TumblrUITests.swift in Sources */ = {isa = PBXBuildFile; fileRef = CE8E2E7A2161CB80001784D3 /* TumblrUITests.swift */; };
		CE8E2E8B2161D597001784D3 /* PhotosViewController.swift in Sources */ = {isa = PBXBuildFile; fileRef = CE8E2E8A2161D597001784D3 /* PhotosViewController.swift */; };
		CE8E2E8D2161DF19001784D3 /* PhotoCell.swift in Sources */ = {isa = PBXBuildFile; fileRef = CE8E2E8C2161DF19001784D3 /* PhotoCell.swift */; };
/* End PBXBuildFile section */

/* Begin PBXContainerItemProxy section */
		CE8E2E6C2161CB80001784D3 /* PBXContainerItemProxy */ = {
			isa = PBXContainerItemProxy;
			containerPortal = CE8E2E4F2161CB7F001784D3 /* Project object */;
			proxyType = 1;
			remoteGlobalIDString = CE8E2E562161CB7F001784D3;
			remoteInfo = Tumblr;
		};
		CE8E2E772161CB80001784D3 /* PBXContainerItemProxy */ = {
			isa = PBXContainerItemProxy;
			containerPortal = CE8E2E4F2161CB7F001784D3 /* Project object */;
			proxyType = 1;
			remoteGlobalIDString = CE8E2E562161CB7F001784D3;
			remoteInfo = Tumblr;
		};
/* End PBXContainerItemProxy section */

/* Begin PBXFileReference section */
		0DE9FFDBC78679D93FFCEAC8 /* Pods-Tumblr.debug.xcconfig */ = {isa = PBXFileReference; includeInIndex = 1; lastKnownFileType = text.xcconfig; name = "Pods-Tumblr.debug.xcconfig"; path = "Pods/Target Support Files/Pods-Tumblr/Pods-Tumblr.debug.xcconfig"; sourceTree = "<group>"; };
		1D975E70FD44A36A36CCDC9E /* Pods_Tumblr.framework */ = {isa = PBXFileReference; explicitFileType = wrapper.framework; includeInIndex = 0; path = Pods_Tumblr.framework; sourceTree = BUILT_PRODUCTS_DIR; };
		2E2EB6941695E3A2788EAB89 /* Pods-TumblrTests.release.xcconfig */ = {isa = PBXFileReference; includeInIndex = 1; lastKnownFileType = text.xcconfig; name = "Pods-TumblrTests.release.xcconfig"; path = "Pods/Target Support Files/Pods-TumblrTests/Pods-TumblrTests.release.xcconfig"; sourceTree = "<group>"; };
		52DF177D465D0FF8776DD18D /* Pods-TumblrTests.debug.xcconfig */ = {isa = PBXFileReference; includeInIndex = 1; lastKnownFileType = text.xcconfig; name = "Pods-TumblrTests.debug.xcconfig"; path = "Pods/Target Support Files/Pods-TumblrTests/Pods-TumblrTests.debug.xcconfig"; sourceTree = "<group>"; };
		65DE71FF3C66E3D7F6221F88 /* Pods-TumblrUITests.release.xcconfig */ = {isa = PBXFileReference; includeInIndex = 1; lastKnownFileType = text.xcconfig; name = "Pods-TumblrUITests.release.xcconfig"; path = "Pods/Target Support Files/Pods-TumblrUITests/Pods-TumblrUITests.release.xcconfig"; sourceTree = "<group>"; };
		7BCFA3D70BCE6DB2805E5E22 /* Pods_TumblrTests.framework */ = {isa = PBXFileReference; explicitFileType = wrapper.framework; includeInIndex = 0; path = Pods_TumblrTests.framework; sourceTree = BUILT_PRODUCTS_DIR; };
		B490CBA20C9EFD042612CA9F /* Pods_TumblrUITests.framework */ = {isa = PBXFileReference; explicitFileType = wrapper.framework; includeInIndex = 0; path = Pods_TumblrUITests.framework; sourceTree = BUILT_PRODUCTS_DIR; };
		CE8E2E572161CB7F001784D3 /* Tumblr.app */ = {isa = PBXFileReference; explicitFileType = wrapper.application; includeInIndex = 0; path = Tumblr.app; sourceTree = BUILT_PRODUCTS_DIR; };
		CE8E2E5A2161CB7F001784D3 /* AppDelegate.swift */ = {isa = PBXFileReference; lastKnownFileType = sourcecode.swift; path = AppDelegate.swift; sourceTree = "<group>"; };
		CE8E2E5F2161CB7F001784D3 /* Base */ = {isa = PBXFileReference; lastKnownFileType = file.storyboard; name = Base; path = Base.lproj/Main.storyboard; sourceTree = "<group>"; };
		CE8E2E612161CB80001784D3 /* Assets.xcassets */ = {isa = PBXFileReference; lastKnownFileType = folder.assetcatalog; path = Assets.xcassets; sourceTree = "<group>"; };
		CE8E2E642161CB80001784D3 /* Base */ = {isa = PBXFileReference; lastKnownFileType = file.storyboard; name = Base; path = Base.lproj/LaunchScreen.storyboard; sourceTree = "<group>"; };
		CE8E2E662161CB80001784D3 /* Info.plist */ = {isa = PBXFileReference; lastKnownFileType = text.plist.xml; path = Info.plist; sourceTree = "<group>"; };
		CE8E2E6B2161CB80001784D3 /* TumblrTests.xctest */ = {isa = PBXFileReference; explicitFileType = wrapper.cfbundle; includeInIndex = 0; path = TumblrTests.xctest; sourceTree = BUILT_PRODUCTS_DIR; };
		CE8E2E6F2161CB80001784D3 /* TumblrTests.swift */ = {isa = PBXFileReference; lastKnownFileType = sourcecode.swift; path = TumblrTests.swift; sourceTree = "<group>"; };
		CE8E2E712161CB80001784D3 /* Info.plist */ = {isa = PBXFileReference; lastKnownFileType = text.plist.xml; path = Info.plist; sourceTree = "<group>"; };
		CE8E2E762161CB80001784D3 /* TumblrUITests.xctest */ = {isa = PBXFileReference; explicitFileType = wrapper.cfbundle; includeInIndex = 0; path = TumblrUITests.xctest; sourceTree = BUILT_PRODUCTS_DIR; };
		CE8E2E7A2161CB80001784D3 /* TumblrUITests.swift */ = {isa = PBXFileReference; lastKnownFileType = sourcecode.swift; path = TumblrUITests.swift; sourceTree = "<group>"; };
		CE8E2E7C2161CB80001784D3 /* Info.plist */ = {isa = PBXFileReference; lastKnownFileType = text.plist.xml; path = Info.plist; sourceTree = "<group>"; };
		CE8E2E8A2161D597001784D3 /* PhotosViewController.swift */ = {isa = PBXFileReference; lastKnownFileType = sourcecode.swift; path = PhotosViewController.swift; sourceTree = "<group>"; };
		CE8E2E8C2161DF19001784D3 /* PhotoCell.swift */ = {isa = PBXFileReference; lastKnownFileType = sourcecode.swift; path = PhotoCell.swift; sourceTree = "<group>"; };
		D5BE45C70F83A5DCEADD43FA /* Pods-Tumblr.release.xcconfig */ = {isa = PBXFileReference; includeInIndex = 1; lastKnownFileType = text.xcconfig; name = "Pods-Tumblr.release.xcconfig"; path = "Pods/Target Support Files/Pods-Tumblr/Pods-Tumblr.release.xcconfig"; sourceTree = "<group>"; };
		E51B93CD90C7366412D89B74 /* Pods-TumblrUITests.debug.xcconfig */ = {isa = PBXFileReference; includeInIndex = 1; lastKnownFileType = text.xcconfig; name = "Pods-TumblrUITests.debug.xcconfig"; path = "Pods/Target Support Files/Pods-TumblrUITests/Pods-TumblrUITests.debug.xcconfig"; sourceTree = "<group>"; };
/* End PBXFileReference section */

/* Begin PBXFrameworksBuildPhase section */
		CE8E2E542161CB7F001784D3 /* Frameworks */ = {
			isa = PBXFrameworksBuildPhase;
			buildActionMask = 2147483647;
			files = (
				259F40BF7242A5CB9E552E47 /* Pods_Tumblr.framework in Frameworks */,
			);
			runOnlyForDeploymentPostprocessing = 0;
		};
		CE8E2E682161CB80001784D3 /* Frameworks */ = {
			isa = PBXFrameworksBuildPhase;
			buildActionMask = 2147483647;
			files = (
				8BD8A8AD0520C090EC9ACF89 /* Pods_TumblrTests.framework in Frameworks */,
			);
			runOnlyForDeploymentPostprocessing = 0;
		};
		CE8E2E732161CB80001784D3 /* Frameworks */ = {
			isa = PBXFrameworksBuildPhase;
			buildActionMask = 2147483647;
			files = (
				B42E570ED07D2CE5D9CA3B76 /* Pods_TumblrUITests.framework in Frameworks */,
			);
			runOnlyForDeploymentPostprocessing = 0;
		};
/* End PBXFrameworksBuildPhase section */

/* Begin PBXGroup section */
		CE8E2E4E2161CB7F001784D3 = {
			isa = PBXGroup;
			children = (
				CE8E2E592161CB7F001784D3 /* Tumblr */,
				CE8E2E6E2161CB80001784D3 /* TumblrTests */,
				CE8E2E792161CB80001784D3 /* TumblrUITests */,
				CE8E2E582161CB7F001784D3 /* Products */,
				E6A9E4C008A5A2DB252E41B4 /* Pods */,
				D5B69FE98FAFE8D53C6E3CBB /* Frameworks */,
			);
			sourceTree = "<group>";
		};
		CE8E2E582161CB7F001784D3 /* Products */ = {
			isa = PBXGroup;
			children = (
				CE8E2E572161CB7F001784D3 /* Tumblr.app */,
				CE8E2E6B2161CB80001784D3 /* TumblrTests.xctest */,
				CE8E2E762161CB80001784D3 /* TumblrUITests.xctest */,
			);
			name = Products;
			sourceTree = "<group>";
		};
		CE8E2E592161CB7F001784D3 /* Tumblr */ = {
			isa = PBXGroup;
			children = (
				CE8E2E8A2161D597001784D3 /* PhotosViewController.swift */,
				CE8E2E5A2161CB7F001784D3 /* AppDelegate.swift */,
				CE8E2E5E2161CB7F001784D3 /* Main.storyboard */,
				CE8E2E612161CB80001784D3 /* Assets.xcassets */,
				CE8E2E632161CB80001784D3 /* LaunchScreen.storyboard */,
				CE8E2E662161CB80001784D3 /* Info.plist */,
				CE8E2E8C2161DF19001784D3 /* PhotoCell.swift */,
			);
			path = Tumblr;
			sourceTree = "<group>";
		};
		CE8E2E6E2161CB80001784D3 /* TumblrTests */ = {
			isa = PBXGroup;
			children = (
				CE8E2E6F2161CB80001784D3 /* TumblrTests.swift */,
				CE8E2E712161CB80001784D3 /* Info.plist */,
			);
			path = TumblrTests;
			sourceTree = "<group>";
		};
		CE8E2E792161CB80001784D3 /* TumblrUITests */ = {
			isa = PBXGroup;
			children = (
				CE8E2E7A2161CB80001784D3 /* TumblrUITests.swift */,
				CE8E2E7C2161CB80001784D3 /* Info.plist */,
			);
			path = TumblrUITests;
			sourceTree = "<group>";
		};
		D5B69FE98FAFE8D53C6E3CBB /* Frameworks */ = {
			isa = PBXGroup;
			children = (
				1D975E70FD44A36A36CCDC9E /* Pods_Tumblr.framework */,
				7BCFA3D70BCE6DB2805E5E22 /* Pods_TumblrTests.framework */,
				B490CBA20C9EFD042612CA9F /* Pods_TumblrUITests.framework */,
			);
			name = Frameworks;
			sourceTree = "<group>";
		};
		E6A9E4C008A5A2DB252E41B4 /* Pods */ = {
			isa = PBXGroup;
			children = (
				0DE9FFDBC78679D93FFCEAC8 /* Pods-Tumblr.debug.xcconfig */,
				D5BE45C70F83A5DCEADD43FA /* Pods-Tumblr.release.xcconfig */,
				52DF177D465D0FF8776DD18D /* Pods-TumblrTests.debug.xcconfig */,
				2E2EB6941695E3A2788EAB89 /* Pods-TumblrTests.release.xcconfig */,
				E51B93CD90C7366412D89B74 /* Pods-TumblrUITests.debug.xcconfig */,
				65DE71FF3C66E3D7F6221F88 /* Pods-TumblrUITests.release.xcconfig */,
			);
			name = Pods;
			sourceTree = "<group>";
		};
/* End PBXGroup section */

/* Begin PBXNativeTarget section */
		CE8E2E562161CB7F001784D3 /* Tumblr */ = {
			isa = PBXNativeTarget;
			buildConfigurationList = CE8E2E7F2161CB80001784D3 /* Build configuration list for PBXNativeTarget "Tumblr" */;
			buildPhases = (
				3B0263193FADF70F33158307 /* [CP] Check Pods Manifest.lock */,
				CE8E2E532161CB7F001784D3 /* Sources */,
				CE8E2E542161CB7F001784D3 /* Frameworks */,
				CE8E2E552161CB7F001784D3 /* Resources */,
				D30EAC140DE0F4DB94DA5DB8 /* [CP] Embed Pods Frameworks */,
			);
			buildRules = (
			);
			dependencies = (
			);
			name = Tumblr;
			productName = Tumblr;
			productReference = CE8E2E572161CB7F001784D3 /* Tumblr.app */;
			productType = "com.apple.product-type.application";
		};
		CE8E2E6A2161CB80001784D3 /* TumblrTests */ = {
			isa = PBXNativeTarget;
			buildConfigurationList = CE8E2E822161CB80001784D3 /* Build configuration list for PBXNativeTarget "TumblrTests" */;
			buildPhases = (
				5ADD99BD3A9EE6EEA6C70D09 /* [CP] Check Pods Manifest.lock */,
				CE8E2E672161CB80001784D3 /* Sources */,
				CE8E2E682161CB80001784D3 /* Frameworks */,
				CE8E2E692161CB80001784D3 /* Resources */,
			);
			buildRules = (
			);
			dependencies = (
				CE8E2E6D2161CB80001784D3 /* PBXTargetDependency */,
			);
			name = TumblrTests;
			productName = TumblrTests;
			productReference = CE8E2E6B2161CB80001784D3 /* TumblrTests.xctest */;
			productType = "com.apple.product-type.bundle.unit-test";
		};
		CE8E2E752161CB80001784D3 /* TumblrUITests */ = {
			isa = PBXNativeTarget;
			buildConfigurationList = CE8E2E852161CB80001784D3 /* Build configuration list for PBXNativeTarget "TumblrUITests" */;
			buildPhases = (
				B7F8EE9296394FDABFAC5B39 /* [CP] Check Pods Manifest.lock */,
				CE8E2E722161CB80001784D3 /* Sources */,
				CE8E2E732161CB80001784D3 /* Frameworks */,
				CE8E2E742161CB80001784D3 /* Resources */,
			);
			buildRules = (
			);
			dependencies = (
				CE8E2E782161CB80001784D3 /* PBXTargetDependency */,
			);
			name = TumblrUITests;
			productName = TumblrUITests;
			productReference = CE8E2E762161CB80001784D3 /* TumblrUITests.xctest */;
			productType = "com.apple.product-type.bundle.ui-testing";
		};
/* End PBXNativeTarget section */

/* Begin PBXProject section */
		CE8E2E4F2161CB7F001784D3 /* Project object */ = {
			isa = PBXProject;
			attributes = {
				LastSwiftUpdateCheck = 1010;
				LastUpgradeCheck = 1010;
				ORGANIZATIONNAME = "Leslie ";
				TargetAttributes = {
					CE8E2E562161CB7F001784D3 = {
						CreatedOnToolsVersion = 10.1;
					};
					CE8E2E6A2161CB80001784D3 = {
						CreatedOnToolsVersion = 10.1;
						TestTargetID = CE8E2E562161CB7F001784D3;
					};
					CE8E2E752161CB80001784D3 = {
						CreatedOnToolsVersion = 10.1;
						TestTargetID = CE8E2E562161CB7F001784D3;
					};
				};
			};
			buildConfigurationList = CE8E2E522161CB7F001784D3 /* Build configuration list for PBXProject "Tumblr" */;
			compatibilityVersion = "Xcode 9.3";
			developmentRegion = en;
			hasScannedForEncodings = 0;
			knownRegions = (
				en,
				Base,
			);
			mainGroup = CE8E2E4E2161CB7F001784D3;
			productRefGroup = CE8E2E582161CB7F001784D3 /* Products */;
			projectDirPath = "";
			projectRoot = "";
			targets = (
				CE8E2E562161CB7F001784D3 /* Tumblr */,
				CE8E2E6A2161CB80001784D3 /* TumblrTests */,
				CE8E2E752161CB80001784D3 /* TumblrUITests */,
			);
		};
/* End PBXProject section */

/* Begin PBXResourcesBuildPhase section */
		CE8E2E552161CB7F001784D3 /* Resources */ = {
			isa = PBXResourcesBuildPhase;
			buildActionMask = 2147483647;
			files = (
				CE8E2E652161CB80001784D3 /* LaunchScreen.storyboard in Resources */,
				CE8E2E622161CB80001784D3 /* Assets.xcassets in Resources */,
				CE8E2E602161CB7F001784D3 /* Main.storyboard in Resources */,
			);
			runOnlyForDeploymentPostprocessing = 0;
		};
		CE8E2E692161CB80001784D3 /* Resources */ = {
			isa = PBXResourcesBuildPhase;
			buildActionMask = 2147483647;
			files = (
			);
			runOnlyForDeploymentPostprocessing = 0;
		};
		CE8E2E742161CB80001784D3 /* Resources */ = {
			isa = PBXResourcesBuildPhase;
			buildActionMask = 2147483647;
			files = (
			);
			runOnlyForDeploymentPostprocessing = 0;
		};
/* End PBXResourcesBuildPhase section */

/* Begin PBXShellScriptBuildPhase section */
		3B0263193FADF70F33158307 /* [CP] Check Pods Manifest.lock */ = {
			isa = PBXShellScriptBuildPhase;
			buildActionMask = 2147483647;
			files = (
			);
			inputFileListPaths = (
			);
			inputPaths = (
				"${PODS_PODFILE_DIR_PATH}/Podfile.lock",
				"${PODS_ROOT}/Manifest.lock",
			);
			name = "[CP] Check Pods Manifest.lock";
			outputFileListPaths = (
			);
			outputPaths = (
				"$(DERIVED_FILE_DIR)/Pods-Tumblr-checkManifestLockResult.txt",
			);
			runOnlyForDeploymentPostprocessing = 0;
			shellPath = /bin/sh;
			shellScript = "diff \"${PODS_PODFILE_DIR_PATH}/Podfile.lock\" \"${PODS_ROOT}/Manifest.lock\" > /dev/null\nif [ $? != 0 ] ; then\n    # print error to STDERR\n    echo \"error: The sandbox is not in sync with the Podfile.lock. Run 'pod install' or update your CocoaPods installation.\" >&2\n    exit 1\nfi\n# This output is used by Xcode 'outputs' to avoid re-running this script phase.\necho \"SUCCESS\" > \"${SCRIPT_OUTPUT_FILE_0}\"\n";
			showEnvVarsInLog = 0;
		};
		5ADD99BD3A9EE6EEA6C70D09 /* [CP] Check Pods Manifest.lock */ = {
			isa = PBXShellScriptBuildPhase;
			buildActionMask = 2147483647;
			files = (
			);
			inputFileListPaths = (
			);
			inputPaths = (
				"${PODS_PODFILE_DIR_PATH}/Podfile.lock",
				"${PODS_ROOT}/Manifest.lock",
			);
			name = "[CP] Check Pods Manifest.lock";
			outputFileListPaths = (
			);
			outputPaths = (
				"$(DERIVED_FILE_DIR)/Pods-TumblrTests-checkManifestLockResult.txt",
			);
			runOnlyForDeploymentPostprocessing = 0;
			shellPath = /bin/sh;
			shellScript = "diff \"${PODS_PODFILE_DIR_PATH}/Podfile.lock\" \"${PODS_ROOT}/Manifest.lock\" > /dev/null\nif [ $? != 0 ] ; then\n    # print error to STDERR\n    echo \"error: The sandbox is not in sync with the Podfile.lock. Run 'pod install' or update your CocoaPods installation.\" >&2\n    exit 1\nfi\n# This output is used by Xcode 'outputs' to avoid re-running this script phase.\necho \"SUCCESS\" > \"${SCRIPT_OUTPUT_FILE_0}\"\n";
			showEnvVarsInLog = 0;
		};
		B7F8EE9296394FDABFAC5B39 /* [CP] Check Pods Manifest.lock */ = {
			isa = PBXShellScriptBuildPhase;
			buildActionMask = 2147483647;
			files = (
			);
			inputFileListPaths = (
			);
			inputPaths = (
				"${PODS_PODFILE_DIR_PATH}/Podfile.lock",
				"${PODS_ROOT}/Manifest.lock",
			);
			name = "[CP] Check Pods Manifest.lock";
			outputFileListPaths = (
			);
			outputPaths = (
				"$(DERIVED_FILE_DIR)/Pods-TumblrUITests-checkManifestLockResult.txt",
			);
			runOnlyForDeploymentPostprocessing = 0;
			shellPath = /bin/sh;
			shellScript = "diff \"${PODS_PODFILE_DIR_PATH}/Podfile.lock\" \"${PODS_ROOT}/Manifest.lock\" > /dev/null\nif [ $? != 0 ] ; then\n    # print error to STDERR\n    echo \"error: The sandbox is not in sync with the Podfile.lock. Run 'pod install' or update your CocoaPods installation.\" >&2\n    exit 1\nfi\n# This output is used by Xcode 'outputs' to avoid re-running this script phase.\necho \"SUCCESS\" > \"${SCRIPT_OUTPUT_FILE_0}\"\n";
			showEnvVarsInLog = 0;
		};
		D30EAC140DE0F4DB94DA5DB8 /* [CP] Embed Pods Frameworks */ = {
			isa = PBXShellScriptBuildPhase;
			buildActionMask = 2147483647;
			files = (
			);
			inputFileListPaths = (
			);
			inputPaths = (
				"${SRCROOT}/Pods/Target Support Files/Pods-Tumblr/Pods-Tumblr-frameworks.sh",
				"${BUILT_PRODUCTS_DIR}/Alamofire/Alamofire.framework",
				"${BUILT_PRODUCTS_DIR}/AlamofireImage/AlamofireImage.framework",
			);
			name = "[CP] Embed Pods Frameworks";
			outputFileListPaths = (
			);
			outputPaths = (
				"${TARGET_BUILD_DIR}/${FRAMEWORKS_FOLDER_PATH}/Alamofire.framework",
				"${TARGET_BUILD_DIR}/${FRAMEWORKS_FOLDER_PATH}/AlamofireImage.framework",
			);
			runOnlyForDeploymentPostprocessing = 0;
			shellPath = /bin/sh;
			shellScript = "\"${SRCROOT}/Pods/Target Support Files/Pods-Tumblr/Pods-Tumblr-frameworks.sh\"\n";
			showEnvVarsInLog = 0;
		};
/* End PBXShellScriptBuildPhase section */

/* Begin PBXSourcesBuildPhase section */
		CE8E2E532161CB7F001784D3 /* Sources */ = {
			isa = PBXSourcesBuildPhase;
			buildActionMask = 2147483647;
			files = (
				CE8E2E5B2161CB7F001784D3 /* AppDelegate.swift in Sources */,
				CE8E2E8D2161DF19001784D3 /* PhotoCell.swift in Sources */,
				CE8E2E8B2161D597001784D3 /* PhotosViewController.swift in Sources */,
			);
			runOnlyForDeploymentPostprocessing = 0;
		};
		CE8E2E672161CB80001784D3 /* Sources */ = {
			isa = PBXSourcesBuildPhase;
			buildActionMask = 2147483647;
			files = (
				CE8E2E702161CB80001784D3 /* TumblrTests.swift in Sources */,
			);
			runOnlyForDeploymentPostprocessing = 0;
		};
		CE8E2E722161CB80001784D3 /* Sources */ = {
			isa = PBXSourcesBuildPhase;
			buildActionMask = 2147483647;
			files = (
				CE8E2E7B2161CB80001784D3 /* TumblrUITests.swift in Sources */,
			);
			runOnlyForDeploymentPostprocessing = 0;
		};
/* End PBXSourcesBuildPhase section */

/* Begin PBXTargetDependency section */
		CE8E2E6D2161CB80001784D3 /* PBXTargetDependency */ = {
			isa = PBXTargetDependency;
			target = CE8E2E562161CB7F001784D3 /* Tumblr */;
			targetProxy = CE8E2E6C2161CB80001784D3 /* PBXContainerItemProxy */;
		};
		CE8E2E782161CB80001784D3 /* PBXTargetDependency */ = {
			isa = PBXTargetDependency;
			target = CE8E2E562161CB7F001784D3 /* Tumblr */;
			targetProxy = CE8E2E772161CB80001784D3 /* PBXContainerItemProxy */;
		};
/* End PBXTargetDependency section */

/* Begin PBXVariantGroup section */
		CE8E2E5E2161CB7F001784D3 /* Main.storyboard */ = {
			isa = PBXVariantGroup;
			children = (
				CE8E2E5F2161CB7F001784D3 /* Base */,
			);
			name = Main.storyboard;
			sourceTree = "<group>";
		};
		CE8E2E632161CB80001784D3 /* LaunchScreen.storyboard */ = {
			isa = PBXVariantGroup;
			children = (
				CE8E2E642161CB80001784D3 /* Base */,
			);
			name = LaunchScreen.storyboard;
			sourceTree = "<group>";
		};
/* End PBXVariantGroup section */

/* Begin XCBuildConfiguration section */
		CE8E2E7D2161CB80001784D3 /* Debug */ = {
			isa = XCBuildConfiguration;
			buildSettings = {
				ALWAYS_SEARCH_USER_PATHS = NO;
				CLANG_ANALYZER_NONNULL = YES;
				CLANG_ANALYZER_NUMBER_OBJECT_CONVERSION = YES_AGGRESSIVE;
				CLANG_CXX_LANGUAGE_STANDARD = "gnu++14";
				CLANG_CXX_LIBRARY = "libc++";
				CLANG_ENABLE_MODULES = YES;
				CLANG_ENABLE_OBJC_ARC = YES;
				CLANG_ENABLE_OBJC_WEAK = YES;
				CLANG_WARN_BLOCK_CAPTURE_AUTORELEASING = YES;
				CLANG_WARN_BOOL_CONVERSION = YES;
				CLANG_WARN_COMMA = YES;
				CLANG_WARN_CONSTANT_CONVERSION = YES;
				CLANG_WARN_DEPRECATED_OBJC_IMPLEMENTATIONS = YES;
				CLANG_WARN_DIRECT_OBJC_ISA_USAGE = YES_ERROR;
				CLANG_WARN_DOCUMENTATION_COMMENTS = YES;
				CLANG_WARN_EMPTY_BODY = YES;
				CLANG_WARN_ENUM_CONVERSION = YES;
				CLANG_WARN_INFINITE_RECURSION = YES;
				CLANG_WARN_INT_CONVERSION = YES;
				CLANG_WARN_NON_LITERAL_NULL_CONVERSION = YES;
				CLANG_WARN_OBJC_IMPLICIT_RETAIN_SELF = YES;
				CLANG_WARN_OBJC_LITERAL_CONVERSION = YES;
				CLANG_WARN_OBJC_ROOT_CLASS = YES_ERROR;
				CLANG_WARN_RANGE_LOOP_ANALYSIS = YES;
				CLANG_WARN_STRICT_PROTOTYPES = YES;
				CLANG_WARN_SUSPICIOUS_MOVE = YES;
				CLANG_WARN_UNGUARDED_AVAILABILITY = YES_AGGRESSIVE;
				CLANG_WARN_UNREACHABLE_CODE = YES;
				CLANG_WARN__DUPLICATE_METHOD_MATCH = YES;
				CODE_SIGN_IDENTITY = "iPhone Developer";
				COPY_PHASE_STRIP = NO;
				DEBUG_INFORMATION_FORMAT = dwarf;
				ENABLE_STRICT_OBJC_MSGSEND = YES;
				ENABLE_TESTABILITY = YES;
				GCC_C_LANGUAGE_STANDARD = gnu11;
				GCC_DYNAMIC_NO_PIC = NO;
				GCC_NO_COMMON_BLOCKS = YES;
				GCC_OPTIMIZATION_LEVEL = 0;
				GCC_PREPROCESSOR_DEFINITIONS = (
					"DEBUG=1",
					"$(inherited)",
				);
				GCC_WARN_64_TO_32_BIT_CONVERSION = YES;
				GCC_WARN_ABOUT_RETURN_TYPE = YES_ERROR;
				GCC_WARN_UNDECLARED_SELECTOR = YES;
				GCC_WARN_UNINITIALIZED_AUTOS = YES_AGGRESSIVE;
				GCC_WARN_UNUSED_FUNCTION = YES;
				GCC_WARN_UNUSED_VARIABLE = YES;
				IPHONEOS_DEPLOYMENT_TARGET = 12.1;
				MTL_ENABLE_DEBUG_INFO = INCLUDE_SOURCE;
				MTL_FAST_MATH = YES;
				ONLY_ACTIVE_ARCH = YES;
				SDKROOT = iphoneos;
				SWIFT_ACTIVE_COMPILATION_CONDITIONS = DEBUG;
				SWIFT_OPTIMIZATION_LEVEL = "-Onone";
			};
			name = Debug;
		};
		CE8E2E7E2161CB80001784D3 /* Release */ = {
			isa = XCBuildConfiguration;
			buildSettings = {
				ALWAYS_SEARCH_USER_PATHS = NO;
				CLANG_ANALYZER_NONNULL = YES;
				CLANG_ANALYZER_NUMBER_OBJECT_CONVERSION = YES_AGGRESSIVE;
				CLANG_CXX_LANGUAGE_STANDARD = "gnu++14";
				CLANG_CXX_LIBRARY = "libc++";
				CLANG_ENABLE_MODULES = YES;
				CLANG_ENABLE_OBJC_ARC = YES;
				CLANG_ENABLE_OBJC_WEAK = YES;
				CLANG_WARN_BLOCK_CAPTURE_AUTORELEASING = YES;
				CLANG_WARN_BOOL_CONVERSION = YES;
				CLANG_WARN_COMMA = YES;
				CLANG_WARN_CONSTANT_CONVERSION = YES;
				CLANG_WARN_DEPRECATED_OBJC_IMPLEMENTATIONS = YES;
				CLANG_WARN_DIRECT_OBJC_ISA_USAGE = YES_ERROR;
				CLANG_WARN_DOCUMENTATION_COMMENTS = YES;
				CLANG_WARN_EMPTY_BODY = YES;
				CLANG_WARN_ENUM_CONVERSION = YES;
				CLANG_WARN_INFINITE_RECURSION = YES;
				CLANG_WARN_INT_CONVERSION = YES;
				CLANG_WARN_NON_LITERAL_NULL_CONVERSION = YES;
				CLANG_WARN_OBJC_IMPLICIT_RETAIN_SELF = YES;
				CLANG_WARN_OBJC_LITERAL_CONVERSION = YES;
				CLANG_WARN_OBJC_ROOT_CLASS = YES_ERROR;
				CLANG_WARN_RANGE_LOOP_ANALYSIS = YES;
				CLANG_WARN_STRICT_PROTOTYPES = YES;
				CLANG_WARN_SUSPICIOUS_MOVE = YES;
				CLANG_WARN_UNGUARDED_AVAILABILITY = YES_AGGRESSIVE;
				CLANG_WARN_UNREACHABLE_CODE = YES;
				CLANG_WARN__DUPLICATE_METHOD_MATCH = YES;
				CODE_SIGN_IDENTITY = "iPhone Developer";
				COPY_PHASE_STRIP = NO;
				DEBUG_INFORMATION_FORMAT = "dwarf-with-dsym";
				ENABLE_NS_ASSERTIONS = NO;
				ENABLE_STRICT_OBJC_MSGSEND = YES;
				GCC_C_LANGUAGE_STANDARD = gnu11;
				GCC_NO_COMMON_BLOCKS = YES;
				GCC_WARN_64_TO_32_BIT_CONVERSION = YES;
				GCC_WARN_ABOUT_RETURN_TYPE = YES_ERROR;
				GCC_WARN_UNDECLARED_SELECTOR = YES;
				GCC_WARN_UNINITIALIZED_AUTOS = YES_AGGRESSIVE;
				GCC_WARN_UNUSED_FUNCTION = YES;
				GCC_WARN_UNUSED_VARIABLE = YES;
				IPHONEOS_DEPLOYMENT_TARGET = 12.1;
				MTL_ENABLE_DEBUG_INFO = NO;
				MTL_FAST_MATH = YES;
				SDKROOT = iphoneos;
				SWIFT_COMPILATION_MODE = wholemodule;
				SWIFT_OPTIMIZATION_LEVEL = "-O";
				VALIDATE_PRODUCT = YES;
			};
			name = Release;
		};
		CE8E2E802161CB80001784D3 /* Debug */ = {
			isa = XCBuildConfiguration;
			baseConfigurationReference = 0DE9FFDBC78679D93FFCEAC8 /* Pods-Tumblr.debug.xcconfig */;
			buildSettings = {
				ASSETCATALOG_COMPILER_APPICON_NAME = AppIcon;
				CODE_SIGN_STYLE = Automatic;
				INFOPLIST_FILE = Tumblr/Info.plist;
				LD_RUNPATH_SEARCH_PATHS = (
					"$(inherited)",
					"@executable_path/Frameworks",
				);
				PRODUCT_BUNDLE_IDENTIFIER = Leslie.Tumblr;
				PRODUCT_NAME = "$(TARGET_NAME)";
				SWIFT_VERSION = 4.2;
				TARGETED_DEVICE_FAMILY = "1,2";
			};
			name = Debug;
		};
		CE8E2E812161CB80001784D3 /* Release */ = {
			isa = XCBuildConfiguration;
			baseConfigurationReference = D5BE45C70F83A5DCEADD43FA /* Pods-Tumblr.release.xcconfig */;
			buildSettings = {
				ASSETCATALOG_COMPILER_APPICON_NAME = AppIcon;
				CODE_SIGN_STYLE = Automatic;
				INFOPLIST_FILE = Tumblr/Info.plist;
				LD_RUNPATH_SEARCH_PATHS = (
					"$(inherited)",
					"@executable_path/Frameworks",
				);
				PRODUCT_BUNDLE_IDENTIFIER = Leslie.Tumblr;
				PRODUCT_NAME = "$(TARGET_NAME)";
				SWIFT_VERSION = 4.2;
				TARGETED_DEVICE_FAMILY = "1,2";
			};
			name = Release;
		};
		CE8E2E832161CB80001784D3 /* Debug */ = {
			isa = XCBuildConfiguration;
			baseConfigurationReference = 52DF177D465D0FF8776DD18D /* Pods-TumblrTests.debug.xcconfig */;
			buildSettings = {
				ALWAYS_EMBED_SWIFT_STANDARD_LIBRARIES = YES;
				BUNDLE_LOADER = "$(TEST_HOST)";
				CODE_SIGN_STYLE = Automatic;
				INFOPLIST_FILE = TumblrTests/Info.plist;
				LD_RUNPATH_SEARCH_PATHS = (
					"$(inherited)",
					"@executable_path/Frameworks",
					"@loader_path/Frameworks",
				);
				PRODUCT_BUNDLE_IDENTIFIER = Leslie.TumblrTests;
				PRODUCT_NAME = "$(TARGET_NAME)";
				SWIFT_VERSION = 4.2;
				TARGETED_DEVICE_FAMILY = "1,2";
				TEST_HOST = "$(BUILT_PRODUCTS_DIR)/Tumblr.app/Tumblr";
			};
			name = Debug;
		};
		CE8E2E842161CB80001784D3 /* Release */ = {
			isa = XCBuildConfiguration;
			baseConfigurationReference = 2E2EB6941695E3A2788EAB89 /* Pods-TumblrTests.release.xcconfig */;
			buildSettings = {
				ALWAYS_EMBED_SWIFT_STANDARD_LIBRARIES = YES;
				BUNDLE_LOADER = "$(TEST_HOST)";
				CODE_SIGN_STYLE = Automatic;
				INFOPLIST_FILE = TumblrTests/Info.plist;
				LD_RUNPATH_SEARCH_PATHS = (
					"$(inherited)",
					"@executable_path/Frameworks",
					"@loader_path/Frameworks",
				);
				PRODUCT_BUNDLE_IDENTIFIER = Leslie.TumblrTests;
				PRODUCT_NAME = "$(TARGET_NAME)";
				SWIFT_VERSION = 4.2;
				TARGETED_DEVICE_FAMILY = "1,2";
				TEST_HOST = "$(BUILT_PRODUCTS_DIR)/Tumblr.app/Tumblr";
			};
			name = Release;
		};
		CE8E2E862161CB80001784D3 /* Debug */ = {
			isa = XCBuildConfiguration;
			baseConfigurationReference = E51B93CD90C7366412D89B74 /* Pods-TumblrUITests.debug.xcconfig */;
			buildSettings = {
				ALWAYS_EMBED_SWIFT_STANDARD_LIBRARIES = YES;
				CODE_SIGN_STYLE = Automatic;
				INFOPLIST_FILE = TumblrUITests/Info.plist;
				LD_RUNPATH_SEARCH_PATHS = (
					"$(inherited)",
					"@executable_path/Frameworks",
					"@loader_path/Frameworks",
				);
				PRODUCT_BUNDLE_IDENTIFIER = Leslie.TumblrUITests;
				PRODUCT_NAME = "$(TARGET_NAME)";
				SWIFT_VERSION = 4.2;
				TARGETED_DEVICE_FAMILY = "1,2";
				TEST_TARGET_NAME = Tumblr;
			};
			name = Debug;
		};
		CE8E2E872161CB80001784D3 /* Release */ = {
			isa = XCBuildConfiguration;
			baseConfigurationReference = 65DE71FF3C66E3D7F6221F88 /* Pods-TumblrUITests.release.xcconfig */;
			buildSettings = {
				ALWAYS_EMBED_SWIFT_STANDARD_LIBRARIES = YES;
				CODE_SIGN_STYLE = Automatic;
				INFOPLIST_FILE = TumblrUITests/Info.plist;
				LD_RUNPATH_SEARCH_PATHS = (
					"$(inherited)",
					"@executable_path/Frameworks",
					"@loader_path/Frameworks",
				);
				PRODUCT_BUNDLE_IDENTIFIER = Leslie.TumblrUITests;
				PRODUCT_NAME = "$(TARGET_NAME)";
				SWIFT_VERSION = 4.2;
				TARGETED_DEVICE_FAMILY = "1,2";
				TEST_TARGET_NAME = Tumblr;
			};
			name = Release;
		};
/* End XCBuildConfiguration section */

/* Begin XCConfigurationList section */
		CE8E2E522161CB7F001784D3 /* Build configuration list for PBXProject "Tumblr" */ = {
			isa = XCConfigurationList;
			buildConfigurations = (
				CE8E2E7D2161CB80001784D3 /* Debug */,
				CE8E2E7E2161CB80001784D3 /* Release */,
			);
			defaultConfigurationIsVisible = 0;
			defaultConfigurationName = Release;
		};
		CE8E2E7F2161CB80001784D3 /* Build configuration list for PBXNativeTarget "Tumblr" */ = {
			isa = XCConfigurationList;
			buildConfigurations = (
				CE8E2E802161CB80001784D3 /* Debug */,
				CE8E2E812161CB80001784D3 /* Release */,
			);
			defaultConfigurationIsVisible = 0;
			defaultConfigurationName = Release;
		};
		CE8E2E822161CB80001784D3 /* Build configuration list for PBXNativeTarget "TumblrTests" */ = {
			isa = XCConfigurationList;
			buildConfigurations = (
				CE8E2E832161CB80001784D3 /* Debug */,
				CE8E2E842161CB80001784D3 /* Release */,
			);
			defaultConfigurationIsVisible = 0;
			defaultConfigurationName = Release;
		};
		CE8E2E852161CB80001784D3 /* Build configuration list for PBXNativeTarget "TumblrUITests" */ = {
			isa = XCConfigurationList;
			buildConfigurations = (
				CE8E2E862161CB80001784D3 /* Debug */,
				CE8E2E872161CB80001784D3 /* Release */,
			);
			defaultConfigurationIsVisible = 0;
			defaultConfigurationName = Release;
		};
/* End XCConfigurationList section */
	};
	rootObject = CE8E2E4F2161CB7F001784D3 /* Project object */;
}
